
Microsoft Visual Studio Solution File, Format Version 12.00
# Visual Studio Version 16
VisualStudioVersion = 16.0.29721.120
MinimumVisualStudioVersion = 10.0.40219.1
Project("{9A19103F-16F7-4668-BE54-9A1E7A4F7556}") = "Playground", "Playground\Playground.csproj", "{2E20BA35-D2BE-4304-826A-D6AE6FA8EE22}"
EndProject
Project("{9A19103F-16F7-4668-BE54-9A1E7A4F7556}") = "System.CommandLine.GeneralAppModel", "System.CommandLine.GeneralAppModel\System.CommandLine.GeneralAppModel.csproj", "{3326DE58-1D7C-4C88-9EB2-B32518CE79A7}"
EndProject
Project("{9A19103F-16F7-4668-BE54-9A1E7A4F7556}") = "System.CommandLine.ReflectionAppModel", "ReflectionAppModel\System.CommandLine.ReflectionAppModel.csproj", "{94431F4D-ACB0-4FCC-95CD-B808C1AF5CE5}"
EndProject
Project("{9A19103F-16F7-4668-BE54-9A1E7A4F7556}") = "System.CommandLine.GeneralAppModel.Tests", "System.CommandLine.GeneralAppModel.Tests\System.CommandLine.GeneralAppModel.Tests.csproj", "{AFAC0F01-FC1D-4AC0-8328-C5BB7FFC8C4F}"
EndProject
Project("{9A19103F-16F7-4668-BE54-9A1E7A4F7556}") = "System.CommandLine.ReflectionAppModel.Tests", "ReflectionAppModel.Tests\System.CommandLine.ReflectionAppModel.Tests.csproj", "{413553A8-5AC0-4EF2-9F65-1B12E5CD9F53}"
EndProject
Project("{9A19103F-16F7-4668-BE54-9A1E7A4F7556}") = "System.CommandLine.GeneralAppModel.Hosting", "System.CommandLine.GeneralAppModel.Hosting\System.CommandLine.GeneralAppModel.Hosting.csproj", "{ED53DA78-A23B-4238-A30E-081E13F0B0E0}"
EndProject
Project("{9A19103F-16F7-4668-BE54-9A1E7A4F7556}") = "System.CommandLine.GeneralAppModel.Hosting.Tests", "System.CommandLine.GeneralAppModel.Hosting.Tests\System.CommandLine.GeneralAppModel.Hosting.Tests.csproj", "{6066038A-D8B4-4E0B-BB77-AFAC84D94DE4}"
EndProject
Project("{2150E333-8FDC-42A3-9474-1A3956D46DE8}") = "Samples", "Samples", "{3745E0E0-AB20-4594-8071-CD4AA755DB08}"
	ProjectSection(SolutionItems) = preProject
		Samples\Directory.Build.props = Samples\Directory.Build.props
	EndProjectSection
EndProject
Project("{9A19103F-16F7-4668-BE54-9A1E7A4F7556}") = "RuleExampleNamedAttr", "Samples\RuleExampleNamedAttr\RuleExampleNamedAttr.csproj", "{E84DE315-81D8-4CAD-B6F7-7B129C7B5735}"
EndProject
Project("{9A19103F-16F7-4668-BE54-9A1E7A4F7556}") = "RuleExampleNamedAttr.Tests", "Samples\RuleExampleNamedAttr.Tests\RuleExampleNamedAttr.Tests.csproj", "{881E261E-E2A5-4241-BBCE-A58CC3D06CDD}"
EndProject
Project("{9A19103F-16F7-4668-BE54-9A1E7A4F7556}") = "UsageViaInvoke", "Samples\UsageViaInvoke\UsageViaInvoke.csproj", "{2BAC0806-2469-4989-8B1A-50225C0BB7E5}"
EndProject
Project("{9A19103F-16F7-4668-BE54-9A1E7A4F7556}") = "UsageViaInvoke.Tests", "Samples\UsageViaInvoke.Tests\UsageViaInvoke.Tests.csproj", "{E9B8C234-83C7-428C-B9F8-F44775B27F79}"
EndProject
Project("{9A19103F-16F7-4668-BE54-9A1E7A4F7556}") = "UsageViaSwitch", "Samples\UsageViaSwitch\UsageViaSwitch.csproj", "{88CD7D0F-0307-4B97-AA7D-1DC67D1C1B1C}"
EndProject
Project("{9A19103F-16F7-4668-BE54-9A1E7A4F7556}") = "UsageViaSwitch.Tests", "Samples\UsageViaSwitch.Tests\UsageViaSwitch.Tests.csproj", "{A91A296F-22D6-45FF-986C-EA5BF28DD0AD}"
EndProject
Project("{2150E333-8FDC-42A3-9474-1A3956D46DE8}") = "Solution Items", "Solution Items", "{29061BA0-EDD1-40AA-9AA2-27F74E59D7C5}"
	ProjectSection(SolutionItems) = preProject
		.editorconfig = .editorconfig
		Directory.Build.props = Directory.Build.props
	EndProjectSection
EndProject
Project("{9A19103F-16F7-4668-BE54-9A1E7A4F7556}") = "MidSizePropertyBasedModel", "Samples\MidSizePropertyBasedModel\MidSizePropertyBasedModel.csproj", "{EF6F8AAD-E3D7-413F-8418-76056F37A9AD}"
EndProject
Project("{9A19103F-16F7-4668-BE54-9A1E7A4F7556}") = "LargeMethodBasedModel", "Samples\LargeMethodBasedModel\LargeMethodBasedModel.csproj", "{45313AE8-3990-4275-B3FB-F1A49E5BA4A1}"
EndProject
Global
	GlobalSection(SolutionConfigurationPlatforms) = preSolution
		Debug|Any CPU = Debug|Any CPU
		Release|Any CPU = Release|Any CPU
	EndGlobalSection
	GlobalSection(ProjectConfigurationPlatforms) = postSolution
		{2E20BA35-D2BE-4304-826A-D6AE6FA8EE22}.Debug|Any CPU.ActiveCfg = Debug|Any CPU
		{2E20BA35-D2BE-4304-826A-D6AE6FA8EE22}.Debug|Any CPU.Build.0 = Debug|Any CPU
		{2E20BA35-D2BE-4304-826A-D6AE6FA8EE22}.Release|Any CPU.ActiveCfg = Release|Any CPU
		{2E20BA35-D2BE-4304-826A-D6AE6FA8EE22}.Release|Any CPU.Build.0 = Release|Any CPU
		{3326DE58-1D7C-4C88-9EB2-B32518CE79A7}.Debug|Any CPU.ActiveCfg = Debug|Any CPU
		{3326DE58-1D7C-4C88-9EB2-B32518CE79A7}.Debug|Any CPU.Build.0 = Debug|Any CPU
		{3326DE58-1D7C-4C88-9EB2-B32518CE79A7}.Release|Any CPU.ActiveCfg = Release|Any CPU
		{3326DE58-1D7C-4C88-9EB2-B32518CE79A7}.Release|Any CPU.Build.0 = Release|Any CPU
		{94431F4D-ACB0-4FCC-95CD-B808C1AF5CE5}.Debug|Any CPU.ActiveCfg = Debug|Any CPU
		{94431F4D-ACB0-4FCC-95CD-B808C1AF5CE5}.Debug|Any CPU.Build.0 = Debug|Any CPU
		{94431F4D-ACB0-4FCC-95CD-B808C1AF5CE5}.Release|Any CPU.ActiveCfg = Release|Any CPU
		{94431F4D-ACB0-4FCC-95CD-B808C1AF5CE5}.Release|Any CPU.Build.0 = Release|Any CPU
		{AFAC0F01-FC1D-4AC0-8328-C5BB7FFC8C4F}.Debug|Any CPU.ActiveCfg = Debug|Any CPU
		{AFAC0F01-FC1D-4AC0-8328-C5BB7FFC8C4F}.Debug|Any CPU.Build.0 = Debug|Any CPU
		{AFAC0F01-FC1D-4AC0-8328-C5BB7FFC8C4F}.Release|Any CPU.ActiveCfg = Release|Any CPU
		{AFAC0F01-FC1D-4AC0-8328-C5BB7FFC8C4F}.Release|Any CPU.Build.0 = Release|Any CPU
		{413553A8-5AC0-4EF2-9F65-1B12E5CD9F53}.Debug|Any CPU.ActiveCfg = Debug|Any CPU
		{413553A8-5AC0-4EF2-9F65-1B12E5CD9F53}.Debug|Any CPU.Build.0 = Debug|Any CPU
		{413553A8-5AC0-4EF2-9F65-1B12E5CD9F53}.Release|Any CPU.ActiveCfg = Release|Any CPU
		{413553A8-5AC0-4EF2-9F65-1B12E5CD9F53}.Release|Any CPU.Build.0 = Release|Any CPU
		{ED53DA78-A23B-4238-A30E-081E13F0B0E0}.Debug|Any CPU.ActiveCfg = Debug|Any CPU
		{ED53DA78-A23B-4238-A30E-081E13F0B0E0}.Debug|Any CPU.Build.0 = Debug|Any CPU
		{ED53DA78-A23B-4238-A30E-081E13F0B0E0}.Release|Any CPU.ActiveCfg = Release|Any CPU
		{ED53DA78-A23B-4238-A30E-081E13F0B0E0}.Release|Any CPU.Build.0 = Release|Any CPU
		{6066038A-D8B4-4E0B-BB77-AFAC84D94DE4}.Debug|Any CPU.ActiveCfg = Debug|Any CPU
		{6066038A-D8B4-4E0B-BB77-AFAC84D94DE4}.Debug|Any CPU.Build.0 = Debug|Any CPU
		{6066038A-D8B4-4E0B-BB77-AFAC84D94DE4}.Release|Any CPU.ActiveCfg = Release|Any CPU
		{6066038A-D8B4-4E0B-BB77-AFAC84D94DE4}.Release|Any CPU.Build.0 = Release|Any CPU
		{E84DE315-81D8-4CAD-B6F7-7B129C7B5735}.Debug|Any CPU.ActiveCfg = Debug|Any CPU
		{E84DE315-81D8-4CAD-B6F7-7B129C7B5735}.Debug|Any CPU.Build.0 = Debug|Any CPU
		{E84DE315-81D8-4CAD-B6F7-7B129C7B5735}.Release|Any CPU.ActiveCfg = Release|Any CPU
		{E84DE315-81D8-4CAD-B6F7-7B129C7B5735}.Release|Any CPU.Build.0 = Release|Any CPU
		{881E261E-E2A5-4241-BBCE-A58CC3D06CDD}.Debug|Any CPU.ActiveCfg = Debug|Any CPU
		{881E261E-E2A5-4241-BBCE-A58CC3D06CDD}.Debug|Any CPU.Build.0 = Debug|Any CPU
		{881E261E-E2A5-4241-BBCE-A58CC3D06CDD}.Release|Any CPU.ActiveCfg = Release|Any CPU
		{881E261E-E2A5-4241-BBCE-A58CC3D06CDD}.Release|Any CPU.Build.0 = Release|Any CPU
		{2BAC0806-2469-4989-8B1A-50225C0BB7E5}.Debug|Any CPU.ActiveCfg = Debug|Any CPU
		{2BAC0806-2469-4989-8B1A-50225C0BB7E5}.Debug|Any CPU.Build.0 = Debug|Any CPU
		{2BAC0806-2469-4989-8B1A-50225C0BB7E5}.Release|Any CPU.ActiveCfg = Release|Any CPU
		{2BAC0806-2469-4989-8B1A-50225C0BB7E5}.Release|Any CPU.Build.0 = Release|Any CPU
		{E9B8C234-83C7-428C-B9F8-F44775B27F79}.Debug|Any CPU.ActiveCfg = Debug|Any CPU
		{E9B8C234-83C7-428C-B9F8-F44775B27F79}.Debug|Any CPU.Build.0 = Debug|Any CPU
		{E9B8C234-83C7-428C-B9F8-F44775B27F79}.Release|Any CPU.ActiveCfg = Release|Any CPU
		{E9B8C234-83C7-428C-B9F8-F44775B27F79}.Release|Any CPU.Build.0 = Release|Any CPU
		{88CD7D0F-0307-4B97-AA7D-1DC67D1C1B1C}.Debug|Any CPU.ActiveCfg = Debug|Any CPU
		{88CD7D0F-0307-4B97-AA7D-1DC67D1C1B1C}.Debug|Any CPU.Build.0 = Debug|Any CPU
		{88CD7D0F-0307-4B97-AA7D-1DC67D1C1B1C}.Release|Any CPU.ActiveCfg = Release|Any CPU
		{88CD7D0F-0307-4B97-AA7D-1DC67D1C1B1C}.Release|Any CPU.Build.0 = Release|Any CPU
		{A91A296F-22D6-45FF-986C-EA5BF28DD0AD}.Debug|Any CPU.ActiveCfg = Debug|Any CPU
		{A91A296F-22D6-45FF-986C-EA5BF28DD0AD}.Debug|Any CPU.Build.0 = Debug|Any CPU
		{A91A296F-22D6-45FF-986C-EA5BF28DD0AD}.Release|Any CPU.ActiveCfg = Release|Any CPU
		{A91A296F-22D6-45FF-986C-EA5BF28DD0AD}.Release|Any CPU.Build.0 = Release|Any CPU
		{EF6F8AAD-E3D7-413F-8418-76056F37A9AD}.Debug|Any CPU.ActiveCfg = Debug|Any CPU
		{EF6F8AAD-E3D7-413F-8418-76056F37A9AD}.Debug|Any CPU.Build.0 = Debug|Any CPU
		{EF6F8AAD-E3D7-413F-8418-76056F37A9AD}.Release|Any CPU.ActiveCfg = Release|Any CPU
		{EF6F8AAD-E3D7-413F-8418-76056F37A9AD}.Release|Any CPU.Build.0 = Release|Any CPU
		{45313AE8-3990-4275-B3FB-F1A49E5BA4A1}.Debug|Any CPU.ActiveCfg = Debug|Any CPU
		{45313AE8-3990-4275-B3FB-F1A49E5BA4A1}.Debug|Any CPU.Build.0 = Debug|Any CPU
		{45313AE8-3990-4275-B3FB-F1A49E5BA4A1}.Release|Any CPU.ActiveCfg = Release|Any CPU
		{45313AE8-3990-4275-B3FB-F1A49E5BA4A1}.Release|Any CPU.Build.0 = Release|Any CPU
	EndGlobalSection
	GlobalSection(SolutionProperties) = preSolution
		HideSolutionNode = FALSE
	EndGlobalSection
	GlobalSection(NestedProjects) = preSolution
		{E84DE315-81D8-4CAD-B6F7-7B129C7B5735} = {3745E0E0-AB20-4594-8071-CD4AA755DB08}
		{881E261E-E2A5-4241-BBCE-A58CC3D06CDD} = {3745E0E0-AB20-4594-8071-CD4AA755DB08}
		{2BAC0806-2469-4989-8B1A-50225C0BB7E5} = {3745E0E0-AB20-4594-8071-CD4AA755DB08}
		{E9B8C234-83C7-428C-B9F8-F44775B27F79} = {3745E0E0-AB20-4594-8071-CD4AA755DB08}
		{88CD7D0F-0307-4B97-AA7D-1DC67D1C1B1C} = {3745E0E0-AB20-4594-8071-CD4AA755DB08}
		{A91A296F-22D6-45FF-986C-EA5BF28DD0AD} = {3745E0E0-AB20-4594-8071-CD4AA755DB08}
		{EF6F8AAD-E3D7-413F-8418-76056F37A9AD} = {3745E0E0-AB20-4594-8071-CD4AA755DB08}
		{45313AE8-3990-4275-B3FB-F1A49E5BA4A1} = {3745E0E0-AB20-4594-8071-CD4AA755DB08}
	EndGlobalSection
	GlobalSection(ExtensibilityGlobals) = postSolution
		SolutionGuid = {6932F212-1C5E-4294-B793-7FAA73A3D5E1}
	EndGlobalSection
EndGlobal
