
Microsoft Visual Studio Solution File, Format Version 12.00
# Visual Studio Version 16
VisualStudioVersion = 16.0.29721.120
MinimumVisualStudioVersion = 10.0.40219.1
Project("{9A19103F-16F7-4668-BE54-9A1E7A4F7556}") = "Playground", "Playground\Playground.csproj", "{2E20BA35-D2BE-4304-826A-D6AE6FA8EE22}"
EndProject
Project("{9A19103F-16F7-4668-BE54-9A1E7A4F7556}") = "System.CommandLine.GeneralAppModel", "System.CommandLine.GeneralAppModel\System.CommandLine.GeneralAppModel.csproj", "{3326DE58-1D7C-4C88-9EB2-B32518CE79A7}"
EndProject
Project("{9A19103F-16F7-4668-BE54-9A1E7A4F7556}") = "System.CommandLine.ReflectionAppModel", "ReflectionAppModel\System.CommandLine.ReflectionAppModel.csproj", "{94431F4D-ACB0-4FCC-95CD-B808C1AF5CE5}"
EndProject
Project("{9A19103F-16F7-4668-BE54-9A1E7A4F7556}") = "System.CommandLine.GeneralAppModel.Tests", "System.CommandLine.GeneralAppModel.Tests\System.CommandLine.GeneralAppModel.Tests.csproj", "{AFAC0F01-FC1D-4AC0-8328-C5BB7FFC8C4F}"
EndProject
Project("{9A19103F-16F7-4668-BE54-9A1E7A4F7556}") = "System.CommandLine.ReflectionAppModel.Tests", "ReflectionAppModel.Tests\System.CommandLine.ReflectionAppModel.Tests.csproj", "{413553A8-5AC0-4EF2-9F65-1B12E5CD9F53}"
EndProject
Project("{9A19103F-16F7-4668-BE54-9A1E7A4F7556}") = "System.CommandLine.GeneralAppModel.ExampleNamedAttr.Tests", "System.CommandLine.GeneralAppModel.ExampleNamedAttr.Tests\System.CommandLine.GeneralAppModel.ExampleNamedAttr.Tests.csproj", "{0B39497A-D821-4272-8CE4-470ACE145AC7}"
EndProject
Project("{9A19103F-16F7-4668-BE54-9A1E7A4F7556}") = "System.CommandLine.GeneralAppModel.ExampleNamedAttr", "System.CommandLine.GeneralAppModel.ExampleNamedAttr\System.CommandLine.GeneralAppModel.ExampleNamedAttr.csproj", "{79FCD0D6-2850-4AFA-A054-D4A5EF1C6C09}"
EndProject
Project("{9A19103F-16F7-4668-BE54-9A1E7A4F7556}") = "System.CommandLine.GeneralAppModel.Hosting", "System.CommandLine.GeneralAppModel.Hosting\System.CommandLine.GeneralAppModel.Hosting.csproj", "{6EDE8924-B416-4DCA-95F7-4468D26ACA31}"
EndProject
Project("{9A19103F-16F7-4668-BE54-9A1E7A4F7556}") = "System.CommandLine.GeneralAppModel.Hosting.Tests", "System.CommandLine.GeneralAppModel.Hosting.Tests\System.CommandLine.GeneralAppModel.Hosting.Tests.csproj", "{2C9FFB8B-D8AC-44A7-B778-5100F00B3881}"
EndProject
Global
	GlobalSection(SolutionConfigurationPlatforms) = preSolution
		Debug|Any CPU = Debug|Any CPU
		Release|Any CPU = Release|Any CPU
	EndGlobalSection
	GlobalSection(ProjectConfigurationPlatforms) = postSolution
		{2E20BA35-D2BE-4304-826A-D6AE6FA8EE22}.Debug|Any CPU.ActiveCfg = Debug|Any CPU
		{2E20BA35-D2BE-4304-826A-D6AE6FA8EE22}.Debug|Any CPU.Build.0 = Debug|Any CPU
		{2E20BA35-D2BE-4304-826A-D6AE6FA8EE22}.Release|Any CPU.ActiveCfg = Release|Any CPU
		{2E20BA35-D2BE-4304-826A-D6AE6FA8EE22}.Release|Any CPU.Build.0 = Release|Any CPU
		{3326DE58-1D7C-4C88-9EB2-B32518CE79A7}.Debug|Any CPU.ActiveCfg = Debug|Any CPU
		{3326DE58-1D7C-4C88-9EB2-B32518CE79A7}.Debug|Any CPU.Build.0 = Debug|Any CPU
		{3326DE58-1D7C-4C88-9EB2-B32518CE79A7}.Release|Any CPU.ActiveCfg = Release|Any CPU
		{3326DE58-1D7C-4C88-9EB2-B32518CE79A7}.Release|Any CPU.Build.0 = Release|Any CPU
		{94431F4D-ACB0-4FCC-95CD-B808C1AF5CE5}.Debug|Any CPU.ActiveCfg = Debug|Any CPU
		{94431F4D-ACB0-4FCC-95CD-B808C1AF5CE5}.Debug|Any CPU.Build.0 = Debug|Any CPU
		{94431F4D-ACB0-4FCC-95CD-B808C1AF5CE5}.Release|Any CPU.ActiveCfg = Release|Any CPU
		{94431F4D-ACB0-4FCC-95CD-B808C1AF5CE5}.Release|Any CPU.Build.0 = Release|Any CPU
		{AFAC0F01-FC1D-4AC0-8328-C5BB7FFC8C4F}.Debug|Any CPU.ActiveCfg = Debug|Any CPU
		{AFAC0F01-FC1D-4AC0-8328-C5BB7FFC8C4F}.Debug|Any CPU.Build.0 = Debug|Any CPU
		{AFAC0F01-FC1D-4AC0-8328-C5BB7FFC8C4F}.Release|Any CPU.ActiveCfg = Release|Any CPU
		{AFAC0F01-FC1D-4AC0-8328-C5BB7FFC8C4F}.Release|Any CPU.Build.0 = Release|Any CPU
		{413553A8-5AC0-4EF2-9F65-1B12E5CD9F53}.Debug|Any CPU.ActiveCfg = Debug|Any CPU
		{413553A8-5AC0-4EF2-9F65-1B12E5CD9F53}.Debug|Any CPU.Build.0 = Debug|Any CPU
		{413553A8-5AC0-4EF2-9F65-1B12E5CD9F53}.Release|Any CPU.ActiveCfg = Release|Any CPU
		{413553A8-5AC0-4EF2-9F65-1B12E5CD9F53}.Release|Any CPU.Build.0 = Release|Any CPU
		{0B39497A-D821-4272-8CE4-470ACE145AC7}.Debug|Any CPU.ActiveCfg = Debug|Any CPU
		{0B39497A-D821-4272-8CE4-470ACE145AC7}.Debug|Any CPU.Build.0 = Debug|Any CPU
		{0B39497A-D821-4272-8CE4-470ACE145AC7}.Release|Any CPU.ActiveCfg = Release|Any CPU
		{0B39497A-D821-4272-8CE4-470ACE145AC7}.Release|Any CPU.Build.0 = Release|Any CPU
		{79FCD0D6-2850-4AFA-A054-D4A5EF1C6C09}.Debug|Any CPU.ActiveCfg = Debug|Any CPU
		{79FCD0D6-2850-4AFA-A054-D4A5EF1C6C09}.Debug|Any CPU.Build.0 = Debug|Any CPU
		{79FCD0D6-2850-4AFA-A054-D4A5EF1C6C09}.Release|Any CPU.ActiveCfg = Release|Any CPU
		{79FCD0D6-2850-4AFA-A054-D4A5EF1C6C09}.Release|Any CPU.Build.0 = Release|Any CPU
		{6EDE8924-B416-4DCA-95F7-4468D26ACA31}.Debug|Any CPU.ActiveCfg = Debug|Any CPU
		{6EDE8924-B416-4DCA-95F7-4468D26ACA31}.Debug|Any CPU.Build.0 = Debug|Any CPU
		{6EDE8924-B416-4DCA-95F7-4468D26ACA31}.Release|Any CPU.ActiveCfg = Release|Any CPU
		{6EDE8924-B416-4DCA-95F7-4468D26ACA31}.Release|Any CPU.Build.0 = Release|Any CPU
		{2C9FFB8B-D8AC-44A7-B778-5100F00B3881}.Debug|Any CPU.ActiveCfg = Debug|Any CPU
		{2C9FFB8B-D8AC-44A7-B778-5100F00B3881}.Debug|Any CPU.Build.0 = Debug|Any CPU
		{2C9FFB8B-D8AC-44A7-B778-5100F00B3881}.Release|Any CPU.ActiveCfg = Release|Any CPU
		{2C9FFB8B-D8AC-44A7-B778-5100F00B3881}.Release|Any CPU.Build.0 = Release|Any CPU
	EndGlobalSection
	GlobalSection(SolutionProperties) = preSolution
		HideSolutionNode = FALSE
	EndGlobalSection
	GlobalSection(ExtensibilityGlobals) = postSolution
		SolutionGuid = {6932F212-1C5E-4294-B793-7FAA73A3D5E1}
	EndGlobalSection
EndGlobal
